// !$*UTF8*$!
{
	archiveVersion = 1;
	classes = {
	};
	objectVersion = 55;
	objects = {

/* Begin PBXBuildFile section */
		C00B6F8C291C310900A1EA50 /* WalletAppView.swift in Sources */ = {isa = PBXBuildFile; fileRef = C00B6F8B291C310900A1EA50 /* WalletAppView.swift */; };
		C00B6F8E291C372C00A1EA50 /* RollingText.swift in Sources */ = {isa = PBXBuildFile; fileRef = C00B6F8D291C372C00A1EA50 /* RollingText.swift */; };
		C00E20632857A882008C648E /* SendableView.swift in Sources */ = {isa = PBXBuildFile; fileRef = C00E20622857A882008C648E /* SendableView.swift */; };
		C012EC4E28395CE600E58F15 /* ViewStyles.swift in Sources */ = {isa = PBXBuildFile; fileRef = C012EC4D28395CE600E58F15 /* ViewStyles.swift */; };
		C012EC51283973C900E58F15 /* AnyTransitionView.swift in Sources */ = {isa = PBXBuildFile; fileRef = C012EC50283973C900E58F15 /* AnyTransitionView.swift */; };
		C01F30082870C8D900883294 /* ResponsiveView.swift in Sources */ = {isa = PBXBuildFile; fileRef = C01F30072870C8D900883294 /* ResponsiveView.swift */; };
		C022DE77284A867400EB1008 /* CloudKitUserView.swift in Sources */ = {isa = PBXBuildFile; fileRef = C022DE76284A867400EB1008 /* CloudKitUserView.swift */; };
		C022DE79284B4BD900EB1008 /* CloudKitCRUDView.swift in Sources */ = {isa = PBXBuildFile; fileRef = C022DE78284B4BD900EB1008 /* CloudKitCRUDView.swift */; };
		C022DE7B284B678800EB1008 /* CloudKitPushNotificationView.swift in Sources */ = {isa = PBXBuildFile; fileRef = C022DE7A284B678800EB1008 /* CloudKitPushNotificationView.swift */; };
		C022DE7D284B72A800EB1008 /* CloudKitUtility.swift in Sources */ = {isa = PBXBuildFile; fileRef = C022DE7C284B72A800EB1008 /* CloudKitUtility.swift */; };
		C026ED2B285386E3006C7BB3 /* DoCatchTryThrowsSample.swift in Sources */ = {isa = PBXBuildFile; fileRef = C026ED2A285386E3006C7BB3 /* DoCatchTryThrowsSample.swift */; };
		C026ED2F28538D62006C7BB3 /* DownloadImageAsyncView.swift in Sources */ = {isa = PBXBuildFile; fileRef = C026ED2E28538D62006C7BB3 /* DownloadImageAsyncView.swift */; };
		C026ED312853A3D5006C7BB3 /* AsyncAwaitView.swift in Sources */ = {isa = PBXBuildFile; fileRef = C026ED302853A3D5006C7BB3 /* AsyncAwaitView.swift */; };
		C026ED332853AAA1006C7BB3 /* TaskView.swift in Sources */ = {isa = PBXBuildFile; fileRef = C026ED322853AAA1006C7BB3 /* TaskView.swift */; };
		C02744A6285F5A1B00483630 /* AnimatedSlideOutMenuView.swift in Sources */ = {isa = PBXBuildFile; fileRef = C02744A5285F5A1B00483630 /* AnimatedSlideOutMenuView.swift */; };
		C02744A8285F65B900483630 /* ExtensionsView.swift in Sources */ = {isa = PBXBuildFile; fileRef = C02744A7285F65B900483630 /* ExtensionsView.swift */; };
		C030EE36286B864900078400 /* AccessSwiftUIValueFromUIKit.swift in Sources */ = {isa = PBXBuildFile; fileRef = C030EE35286B864900078400 /* AccessSwiftUIValueFromUIKit.swift */; };
		C03C9DF0283989660052AB30 /* MatchedGeometryEffectView.swift in Sources */ = {isa = PBXBuildFile; fileRef = C03C9DEF283989660052AB30 /* MatchedGeometryEffectView.swift */; };
		C040430428676A46001F65CF /* CarouselSliderView.swift in Sources */ = {isa = PBXBuildFile; fileRef = C040430328676A46001F65CF /* CarouselSliderView.swift */; };
		C04E56DC284296C700D356F4 /* UIViewRepresentableSample.swift in Sources */ = {isa = PBXBuildFile; fileRef = C04E56DB284296C700D356F4 /* UIViewRepresentableSample.swift */; };
		C05A5AED291AD1D700D02CBC /* DismissButtonModifier.swift in Sources */ = {isa = PBXBuildFile; fileRef = C05A5AEC291AD1D700D02CBC /* DismissButtonModifier.swift */; };
		C05A5AEF291ADF4B00D02CBC /* ImagePicker.swift in Sources */ = {isa = PBXBuildFile; fileRef = C05A5AEE291ADF4B00D02CBC /* ImagePicker.swift */; };
		C0627F8B291EAFCF00DDECFF /* AppStorageCodable.swift in Sources */ = {isa = PBXBuildFile; fileRef = C0627F8A291EAFCF00DDECFF /* AppStorageCodable.swift */; };
		C0627F8E291ECC1D00DDECFF /* Card.swift in Sources */ = {isa = PBXBuildFile; fileRef = C0627F8D291ECC1D00DDECFF /* Card.swift */; };
		C0627F90291ECC7B00DDECFF /* AnimatedCarousel.swift in Sources */ = {isa = PBXBuildFile; fileRef = C0627F8F291ECC7B00DDECFF /* AnimatedCarousel.swift */; };
		C0637310287B549000D03A73 /* Message.swift in Sources */ = {isa = PBXBuildFile; fileRef = C063730F287B549000D03A73 /* Message.swift */; };
		C0637312287B551200D03A73 /* ChatView.swift in Sources */ = {isa = PBXBuildFile; fileRef = C0637311287B551200D03A73 /* ChatView.swift */; };
		C0637314287B570300D03A73 /* BoundsPreference.swift in Sources */ = {isa = PBXBuildFile; fileRef = C0637313287B570300D03A73 /* BoundsPreference.swift */; };
		C065866A291AEB8F00D1E57F /* Coffee.swift in Sources */ = {isa = PBXBuildFile; fileRef = C0658669291AEB8F00D1E57F /* Coffee.swift */; };
		C065866C291AED1E00D1E57F /* CoffeeApp.swift in Sources */ = {isa = PBXBuildFile; fileRef = C065866B291AED1E00D1E57F /* CoffeeApp.swift */; };
		C067E9C128803D8E005A66F0 /* AnimatedNumberText.swift in Sources */ = {isa = PBXBuildFile; fileRef = C067E9C028803D8E005A66F0 /* AnimatedNumberText.swift */; };
		C06BB03F287A02B9008F8880 /* NextView.swift in Sources */ = {isa = PBXBuildFile; fileRef = C06BB03E287A02B8008F8880 /* NextView.swift */; };
		C0728331284A5F1800DC3BE5 /* AdvancedCombineView.swift in Sources */ = {isa = PBXBuildFile; fileRef = C0728330284A5F1800DC3BE5 /* AdvancedCombineView.swift */; };
		C0728333284A7CF500DC3BE5 /* FuturesView.swift in Sources */ = {isa = PBXBuildFile; fileRef = C0728332284A7CF500DC3BE5 /* FuturesView.swift */; };
		C084E667285501040046C2A3 /* ActorsView.swift in Sources */ = {isa = PBXBuildFile; fileRef = C084E666285501040046C2A3 /* ActorsView.swift */; };
		C084E6692855041F0046C2A3 /* GlobalActorView.swift in Sources */ = {isa = PBXBuildFile; fileRef = C084E6682855041F0046C2A3 /* GlobalActorView.swift */; };
		C087DFB9291FFC5B00C58D48 /* BookAppView.swift in Sources */ = {isa = PBXBuildFile; fileRef = C087DFB8291FFC5B00C58D48 /* BookAppView.swift */; };
		C087DFBB291FFF3600C58D48 /* Book.swift in Sources */ = {isa = PBXBuildFile; fileRef = C087DFBA291FFF3600C58D48 /* Book.swift */; };
		C087DFBD292009F300C58D48 /* IsometricView.swift in Sources */ = {isa = PBXBuildFile; fileRef = C087DFBC292009F300C58D48 /* IsometricView.swift */; };
		C087DFC0292112D600C58D48 /* APIService.swift in Sources */ = {isa = PBXBuildFile; fileRef = C087DFBF292112D600C58D48 /* APIService.swift */; };
		C0964BB0283FF250000B754E /* ViewBuilderSample.swift in Sources */ = {isa = PBXBuildFile; fileRef = C0964BAF283FF250000B754E /* ViewBuilderSample.swift */; };
		C096F99D2821B69100501B09 /* JsonToStructFromBundle.swift in Sources */ = {isa = PBXBuildFile; fileRef = C096F99C2821B69100501B09 /* JsonToStructFromBundle.swift */; };
		C09D4A25284CD6F900F3D7AC /* UserDefaults+Extensions.swift in Sources */ = {isa = PBXBuildFile; fileRef = C09D4A24284CD6F900F3D7AC /* UserDefaults+Extensions.swift */; };
		C0A3857B283A947700BB9D19 /* CustomCurvesView.swift in Sources */ = {isa = PBXBuildFile; fileRef = C0A3857A283A947700BB9D19 /* CustomCurvesView.swift */; };
		C0A3857D283AA6F800BB9D19 /* AnimatableDataView.swift in Sources */ = {isa = PBXBuildFile; fileRef = C0A3857C283AA6F800BB9D19 /* AnimatableDataView.swift */; };
		C0A7C6A9287C93E2003062C6 /* DraggableBottomSheetView.swift in Sources */ = {isa = PBXBuildFile; fileRef = C0A7C6A8287C93E2003062C6 /* DraggableBottomSheetView.swift */; };
		C0B28FFA283A233A00561BD2 /* CustomShapesView.swift in Sources */ = {isa = PBXBuildFile; fileRef = C0B28FF9283A233A00561BD2 /* CustomShapesView.swift */; };
		C0B30D0C2854CF1100735443 /* AsyncLetView.swift in Sources */ = {isa = PBXBuildFile; fileRef = C0B30D0B2854CF1100735443 /* AsyncLetView.swift */; };
		C0B30D0E2854D49300735443 /* TaskGroupView.swift in Sources */ = {isa = PBXBuildFile; fileRef = C0B30D0D2854D49300735443 /* TaskGroupView.swift */; };
		C0B30D102854DC2400735443 /* CheckedContinuationView.swift in Sources */ = {isa = PBXBuildFile; fileRef = C0B30D0F2854DC2400735443 /* CheckedContinuationView.swift */; };
		C0B8B25A2821762C009EDED4 /* IOS_playgroundApp.swift in Sources */ = {isa = PBXBuildFile; fileRef = C0B8B2592821762C009EDED4 /* IOS_playgroundApp.swift */; };
		C0B8B25C2821762C009EDED4 /* ContentView.swift in Sources */ = {isa = PBXBuildFile; fileRef = C0B8B25B2821762C009EDED4 /* ContentView.swift */; };
		C0B8B25E2821762D009EDED4 /* Assets.xcassets in Resources */ = {isa = PBXBuildFile; fileRef = C0B8B25D2821762D009EDED4 /* Assets.xcassets */; };
		C0B8B2612821762D009EDED4 /* Preview Assets.xcassets in Resources */ = {isa = PBXBuildFile; fileRef = C0B8B2602821762D009EDED4 /* Preview Assets.xcassets */; };
		C0B8B269282176B1009EDED4 /* LocalFileManager.swift in Sources */ = {isa = PBXBuildFile; fileRef = C0B8B268282176B1009EDED4 /* LocalFileManager.swift */; };
		C0B8B27128217FA6009EDED4 /* Date.swift in Sources */ = {isa = PBXBuildFile; fileRef = C0B8B26B28217FA6009EDED4 /* Date.swift */; };
		C0B8B27228217FA6009EDED4 /* PreviewProvider.swift in Sources */ = {isa = PBXBuildFile; fileRef = C0B8B26C28217FA6009EDED4 /* PreviewProvider.swift */; };
		C0B8B27328217FA6009EDED4 /* String.swift in Sources */ = {isa = PBXBuildFile; fileRef = C0B8B26D28217FA6009EDED4 /* String.swift */; };
		C0B8B27428217FA6009EDED4 /* Double.swift in Sources */ = {isa = PBXBuildFile; fileRef = C0B8B26E28217FA6009EDED4 /* Double.swift */; };
		C0B8B27528217FA6009EDED4 /* UIApplication.swift in Sources */ = {isa = PBXBuildFile; fileRef = C0B8B26F28217FA6009EDED4 /* UIApplication.swift */; };
		C0B8B27628217FA6009EDED4 /* Color.swift in Sources */ = {isa = PBXBuildFile; fileRef = C0B8B27028217FA6009EDED4 /* Color.swift */; };
		C0B9DFC52843A00E00328E11 /* UIViewControllerRepresentableSample.swift in Sources */ = {isa = PBXBuildFile; fileRef = C0B9DFC42843A00E00328E11 /* UIViewControllerRepresentableSample.swift */; };
		C0C0512A2922A2C3005667A0 /* PortfolioDataView.swift in Sources */ = {isa = PBXBuildFile; fileRef = C0C051292922A2C3005667A0 /* PortfolioDataView.swift */; };
		C0C0512D2922BC34005667A0 /* BoomerangCard.swift in Sources */ = {isa = PBXBuildFile; fileRef = C0C0512C2922BC34005667A0 /* BoomerangCard.swift */; };
		C0C0512F2922BCD1005667A0 /* BoomerangCardView.swift in Sources */ = {isa = PBXBuildFile; fileRef = C0C0512E2922BCD1005667A0 /* BoomerangCardView.swift */; };
		C0C3732F2852406300294DA9 /* LocationMapAnnotationView.swift in Sources */ = {isa = PBXBuildFile; fileRef = C0C3732E2852406300294DA9 /* LocationMapAnnotationView.swift */; };
		C0C3733128524A5400294DA9 /* LocationDetailView.swift in Sources */ = {isa = PBXBuildFile; fileRef = C0C3733028524A5400294DA9 /* LocationDetailView.swift */; };
		C0C8F9DF2843EECC0024782B /* video.mp4 in Resources */ = {isa = PBXBuildFile; fileRef = C0C8F9DE2843EECC0024782B /* video.mp4 */; };
		C0C8F9E62843EF250024782B /* Video.swift in Sources */ = {isa = PBXBuildFile; fileRef = C0C8F9E52843EF250024782B /* Video.swift */; };
		C0C8F9E82843F09A0024782B /* YoutubeHomeView.swift in Sources */ = {isa = PBXBuildFile; fileRef = C0C8F9E72843F09A0024782B /* YoutubeHomeView.swift */; };
		C0C8F9EA2843F10D0024782B /* VideoCardView.swift in Sources */ = {isa = PBXBuildFile; fileRef = C0C8F9E92843F10D0024782B /* VideoCardView.swift */; };
		C0C8F9EC2843F5B30024782B /* MiniPlayerView.swift in Sources */ = {isa = PBXBuildFile; fileRef = C0C8F9EB2843F5B30024782B /* MiniPlayerView.swift */; };
		C0C8F9EE2843F5F70024782B /* VideoPlayerView.swift in Sources */ = {isa = PBXBuildFile; fileRef = C0C8F9ED2843F5F70024782B /* VideoPlayerView.swift */; };
		C0C8F9F0284406E00024782B /* VideoPlayerViewModel.swift in Sources */ = {isa = PBXBuildFile; fileRef = C0C8F9EF284406E00024782B /* VideoPlayerViewModel.swift */; };
		C0CEC5AE2838303F0028C187 /* PhotoCacheManager.swift in Sources */ = {isa = PBXBuildFile; fileRef = C0CEC5AD2838303F0028C187 /* PhotoCacheManager.swift */; };
		C0D669162850E28200013778 /* LocationsDataService.swift in Sources */ = {isa = PBXBuildFile; fileRef = C0D669152850E28200013778 /* LocationsDataService.swift */; };
		C0D669192850E32A00013778 /* Location.swift in Sources */ = {isa = PBXBuildFile; fileRef = C0D669182850E32A00013778 /* Location.swift */; };
		C0D6691D2850E4E900013778 /* LocationsView.swift in Sources */ = {isa = PBXBuildFile; fileRef = C0D6691C2850E4E900013778 /* LocationsView.swift */; };
		C0D6691F2850E6C800013778 /* LocationsViewModel.swift in Sources */ = {isa = PBXBuildFile; fileRef = C0D6691E2850E6C800013778 /* LocationsViewModel.swift */; };
		C0D669222850F32D00013778 /* LocationsListView.swift in Sources */ = {isa = PBXBuildFile; fileRef = C0D669212850F32D00013778 /* LocationsListView.swift */; };
		C0D669242850FAF700013778 /* LocationPreviewView.swift in Sources */ = {isa = PBXBuildFile; fileRef = C0D669232850FAF700013778 /* LocationPreviewView.swift */; };
		C0EB86822822910800065991 /* PortfolioContainer.xcdatamodeld in Sources */ = {isa = PBXBuildFile; fileRef = C0EB86802822910800065991 /* PortfolioContainer.xcdatamodeld */; };
		C0EB86842822917800065991 /* PortfolioDataService.swift in Sources */ = {isa = PBXBuildFile; fileRef = C0EB86832822917800065991 /* PortfolioDataService.swift */; };
		C0ED10D62860E233007A6529 /* NotificationsListView.swift in Sources */ = {isa = PBXBuildFile; fileRef = C0ED10D52860E233007A6529 /* NotificationsListView.swift */; };
		C0ED10D82860E389007A6529 /* LocalNotificationManager.swift in Sources */ = {isa = PBXBuildFile; fileRef = C0ED10D72860E389007A6529 /* LocalNotificationManager.swift */; };
		C0ED10DA2860FC5B007A6529 /* LocalNotification.swift in Sources */ = {isa = PBXBuildFile; fileRef = C0ED10D92860FC5B007A6529 /* LocalNotification.swift */; };
		C0FF6237285A382100CF5251 /* AsynPublisherView.swift in Sources */ = {isa = PBXBuildFile; fileRef = C0FF6236285A382100CF5251 /* AsynPublisherView.swift */; };
/* End PBXBuildFile section */

/* Begin PBXFileReference section */
		C00B6F8B291C310900A1EA50 /* WalletAppView.swift */ = {isa = PBXFileReference; lastKnownFileType = sourcecode.swift; path = WalletAppView.swift; sourceTree = "<group>"; };
		C00B6F8D291C372C00A1EA50 /* RollingText.swift */ = {isa = PBXFileReference; lastKnownFileType = sourcecode.swift; path = RollingText.swift; sourceTree = "<group>"; };
		C00E20622857A882008C648E /* SendableView.swift */ = {isa = PBXFileReference; lastKnownFileType = sourcecode.swift; path = SendableView.swift; sourceTree = "<group>"; };
		C012EC4D28395CE600E58F15 /* ViewStyles.swift */ = {isa = PBXFileReference; lastKnownFileType = sourcecode.swift; path = ViewStyles.swift; sourceTree = "<group>"; };
		C012EC50283973C900E58F15 /* AnyTransitionView.swift */ = {isa = PBXFileReference; lastKnownFileType = sourcecode.swift; path = AnyTransitionView.swift; sourceTree = "<group>"; };
		C01F30072870C8D900883294 /* ResponsiveView.swift */ = {isa = PBXFileReference; lastKnownFileType = sourcecode.swift; path = ResponsiveView.swift; sourceTree = "<group>"; };
		C022DE76284A867400EB1008 /* CloudKitUserView.swift */ = {isa = PBXFileReference; lastKnownFileType = sourcecode.swift; path = CloudKitUserView.swift; sourceTree = "<group>"; };
		C022DE78284B4BD900EB1008 /* CloudKitCRUDView.swift */ = {isa = PBXFileReference; lastKnownFileType = sourcecode.swift; path = CloudKitCRUDView.swift; sourceTree = "<group>"; };
		C022DE7A284B678800EB1008 /* CloudKitPushNotificationView.swift */ = {isa = PBXFileReference; lastKnownFileType = sourcecode.swift; path = CloudKitPushNotificationView.swift; sourceTree = "<group>"; };
		C022DE7C284B72A800EB1008 /* CloudKitUtility.swift */ = {isa = PBXFileReference; lastKnownFileType = sourcecode.swift; path = CloudKitUtility.swift; sourceTree = "<group>"; };
		C026ED2A285386E3006C7BB3 /* DoCatchTryThrowsSample.swift */ = {isa = PBXFileReference; lastKnownFileType = sourcecode.swift; path = DoCatchTryThrowsSample.swift; sourceTree = "<group>"; };
		C026ED2E28538D62006C7BB3 /* DownloadImageAsyncView.swift */ = {isa = PBXFileReference; lastKnownFileType = sourcecode.swift; path = DownloadImageAsyncView.swift; sourceTree = "<group>"; };
		C026ED302853A3D5006C7BB3 /* AsyncAwaitView.swift */ = {isa = PBXFileReference; lastKnownFileType = sourcecode.swift; path = AsyncAwaitView.swift; sourceTree = "<group>"; };
		C026ED322853AAA1006C7BB3 /* TaskView.swift */ = {isa = PBXFileReference; lastKnownFileType = sourcecode.swift; path = TaskView.swift; sourceTree = "<group>"; };
		C02744A5285F5A1B00483630 /* AnimatedSlideOutMenuView.swift */ = {isa = PBXFileReference; lastKnownFileType = sourcecode.swift; path = AnimatedSlideOutMenuView.swift; sourceTree = "<group>"; };
		C02744A7285F65B900483630 /* ExtensionsView.swift */ = {isa = PBXFileReference; lastKnownFileType = sourcecode.swift; path = ExtensionsView.swift; sourceTree = "<group>"; };
		C030EE35286B864900078400 /* AccessSwiftUIValueFromUIKit.swift */ = {isa = PBXFileReference; lastKnownFileType = sourcecode.swift; path = AccessSwiftUIValueFromUIKit.swift; sourceTree = "<group>"; };
		C03C9DEF283989660052AB30 /* MatchedGeometryEffectView.swift */ = {isa = PBXFileReference; lastKnownFileType = sourcecode.swift; path = MatchedGeometryEffectView.swift; sourceTree = "<group>"; };
		C040430328676A46001F65CF /* CarouselSliderView.swift */ = {isa = PBXFileReference; lastKnownFileType = sourcecode.swift; path = CarouselSliderView.swift; sourceTree = "<group>"; };
		C04E56DB284296C700D356F4 /* UIViewRepresentableSample.swift */ = {isa = PBXFileReference; lastKnownFileType = sourcecode.swift; path = UIViewRepresentableSample.swift; sourceTree = "<group>"; };
		C05A5AEC291AD1D700D02CBC /* DismissButtonModifier.swift */ = {isa = PBXFileReference; lastKnownFileType = sourcecode.swift; path = DismissButtonModifier.swift; sourceTree = "<group>"; };
		C05A5AEE291ADF4B00D02CBC /* ImagePicker.swift */ = {isa = PBXFileReference; lastKnownFileType = sourcecode.swift; path = ImagePicker.swift; sourceTree = "<group>"; };
		C0627F8A291EAFCF00DDECFF /* AppStorageCodable.swift */ = {isa = PBXFileReference; lastKnownFileType = sourcecode.swift; path = AppStorageCodable.swift; sourceTree = "<group>"; };
		C0627F8D291ECC1D00DDECFF /* Card.swift */ = {isa = PBXFileReference; lastKnownFileType = sourcecode.swift; path = Card.swift; sourceTree = "<group>"; };
		C0627F8F291ECC7B00DDECFF /* AnimatedCarousel.swift */ = {isa = PBXFileReference; lastKnownFileType = sourcecode.swift; path = AnimatedCarousel.swift; sourceTree = "<group>"; };
		C063730F287B549000D03A73 /* Message.swift */ = {isa = PBXFileReference; lastKnownFileType = sourcecode.swift; path = Message.swift; sourceTree = "<group>"; };
		C0637311287B551200D03A73 /* ChatView.swift */ = {isa = PBXFileReference; lastKnownFileType = sourcecode.swift; path = ChatView.swift; sourceTree = "<group>"; };
		C0637313287B570300D03A73 /* BoundsPreference.swift */ = {isa = PBXFileReference; lastKnownFileType = sourcecode.swift; path = BoundsPreference.swift; sourceTree = "<group>"; };
		C0658669291AEB8F00D1E57F /* Coffee.swift */ = {isa = PBXFileReference; lastKnownFileType = sourcecode.swift; path = Coffee.swift; sourceTree = "<group>"; };
		C065866B291AED1E00D1E57F /* CoffeeApp.swift */ = {isa = PBXFileReference; lastKnownFileType = sourcecode.swift; path = CoffeeApp.swift; sourceTree = "<group>"; };
		C067E9C028803D8E005A66F0 /* AnimatedNumberText.swift */ = {isa = PBXFileReference; lastKnownFileType = sourcecode.swift; path = AnimatedNumberText.swift; sourceTree = "<group>"; };
		C06BB03E287A02B8008F8880 /* NextView.swift */ = {isa = PBXFileReference; fileEncoding = 4; lastKnownFileType = sourcecode.swift; path = NextView.swift; sourceTree = "<group>"; };
		C0728330284A5F1800DC3BE5 /* AdvancedCombineView.swift */ = {isa = PBXFileReference; lastKnownFileType = sourcecode.swift; path = AdvancedCombineView.swift; sourceTree = "<group>"; };
		C0728332284A7CF500DC3BE5 /* FuturesView.swift */ = {isa = PBXFileReference; lastKnownFileType = sourcecode.swift; path = FuturesView.swift; sourceTree = "<group>"; };
		C084E666285501040046C2A3 /* ActorsView.swift */ = {isa = PBXFileReference; lastKnownFileType = sourcecode.swift; path = ActorsView.swift; sourceTree = "<group>"; };
		C084E6682855041F0046C2A3 /* GlobalActorView.swift */ = {isa = PBXFileReference; lastKnownFileType = sourcecode.swift; path = GlobalActorView.swift; sourceTree = "<group>"; };
		C087DFB8291FFC5B00C58D48 /* BookAppView.swift */ = {isa = PBXFileReference; lastKnownFileType = sourcecode.swift; path = BookAppView.swift; sourceTree = "<group>"; };
		C087DFBA291FFF3600C58D48 /* Book.swift */ = {isa = PBXFileReference; lastKnownFileType = sourcecode.swift; path = Book.swift; sourceTree = "<group>"; };
		C087DFBC292009F300C58D48 /* IsometricView.swift */ = {isa = PBXFileReference; lastKnownFileType = sourcecode.swift; path = IsometricView.swift; sourceTree = "<group>"; };
		C087DFBF292112D600C58D48 /* APIService.swift */ = {isa = PBXFileReference; lastKnownFileType = sourcecode.swift; path = APIService.swift; sourceTree = "<group>"; };
		C0964BAF283FF250000B754E /* ViewBuilderSample.swift */ = {isa = PBXFileReference; lastKnownFileType = sourcecode.swift; path = ViewBuilderSample.swift; sourceTree = "<group>"; };
		C096F99C2821B69100501B09 /* JsonToStructFromBundle.swift */ = {isa = PBXFileReference; lastKnownFileType = sourcecode.swift; path = JsonToStructFromBundle.swift; sourceTree = "<group>"; };
		C09D4A24284CD6F900F3D7AC /* UserDefaults+Extensions.swift */ = {isa = PBXFileReference; lastKnownFileType = sourcecode.swift; path = "UserDefaults+Extensions.swift"; sourceTree = "<group>"; };
		C0A3857A283A947700BB9D19 /* CustomCurvesView.swift */ = {isa = PBXFileReference; lastKnownFileType = sourcecode.swift; path = CustomCurvesView.swift; sourceTree = "<group>"; };
		C0A3857C283AA6F800BB9D19 /* AnimatableDataView.swift */ = {isa = PBXFileReference; lastKnownFileType = sourcecode.swift; path = AnimatableDataView.swift; sourceTree = "<group>"; };
		C0A7C6A8287C93E2003062C6 /* DraggableBottomSheetView.swift */ = {isa = PBXFileReference; lastKnownFileType = sourcecode.swift; path = DraggableBottomSheetView.swift; sourceTree = "<group>"; };
		C0B28FF9283A233A00561BD2 /* CustomShapesView.swift */ = {isa = PBXFileReference; lastKnownFileType = sourcecode.swift; path = CustomShapesView.swift; sourceTree = "<group>"; };
		C0B30D0B2854CF1100735443 /* AsyncLetView.swift */ = {isa = PBXFileReference; lastKnownFileType = sourcecode.swift; path = AsyncLetView.swift; sourceTree = "<group>"; };
		C0B30D0D2854D49300735443 /* TaskGroupView.swift */ = {isa = PBXFileReference; lastKnownFileType = sourcecode.swift; path = TaskGroupView.swift; sourceTree = "<group>"; };
		C0B30D0F2854DC2400735443 /* CheckedContinuationView.swift */ = {isa = PBXFileReference; lastKnownFileType = sourcecode.swift; path = CheckedContinuationView.swift; sourceTree = "<group>"; };
		C0B8B2562821762C009EDED4 /* IOS playground.app */ = {isa = PBXFileReference; explicitFileType = wrapper.application; includeInIndex = 0; path = "IOS playground.app"; sourceTree = BUILT_PRODUCTS_DIR; };
		C0B8B2592821762C009EDED4 /* IOS_playgroundApp.swift */ = {isa = PBXFileReference; lastKnownFileType = sourcecode.swift; path = IOS_playgroundApp.swift; sourceTree = "<group>"; };
		C0B8B25B2821762C009EDED4 /* ContentView.swift */ = {isa = PBXFileReference; lastKnownFileType = sourcecode.swift; path = ContentView.swift; sourceTree = "<group>"; };
		C0B8B25D2821762D009EDED4 /* Assets.xcassets */ = {isa = PBXFileReference; lastKnownFileType = folder.assetcatalog; path = Assets.xcassets; sourceTree = "<group>"; };
		C0B8B2602821762D009EDED4 /* Preview Assets.xcassets */ = {isa = PBXFileReference; lastKnownFileType = folder.assetcatalog; path = "Preview Assets.xcassets"; sourceTree = "<group>"; };
		C0B8B268282176B1009EDED4 /* LocalFileManager.swift */ = {isa = PBXFileReference; lastKnownFileType = sourcecode.swift; path = LocalFileManager.swift; sourceTree = "<group>"; };
		C0B8B26B28217FA6009EDED4 /* Date.swift */ = {isa = PBXFileReference; fileEncoding = 4; lastKnownFileType = sourcecode.swift; path = Date.swift; sourceTree = "<group>"; };
		C0B8B26C28217FA6009EDED4 /* PreviewProvider.swift */ = {isa = PBXFileReference; fileEncoding = 4; lastKnownFileType = sourcecode.swift; path = PreviewProvider.swift; sourceTree = "<group>"; };
		C0B8B26D28217FA6009EDED4 /* String.swift */ = {isa = PBXFileReference; fileEncoding = 4; lastKnownFileType = sourcecode.swift; path = String.swift; sourceTree = "<group>"; };
		C0B8B26E28217FA6009EDED4 /* Double.swift */ = {isa = PBXFileReference; fileEncoding = 4; lastKnownFileType = sourcecode.swift; path = Double.swift; sourceTree = "<group>"; };
		C0B8B26F28217FA6009EDED4 /* UIApplication.swift */ = {isa = PBXFileReference; fileEncoding = 4; lastKnownFileType = sourcecode.swift; path = UIApplication.swift; sourceTree = "<group>"; };
		C0B8B27028217FA6009EDED4 /* Color.swift */ = {isa = PBXFileReference; fileEncoding = 4; lastKnownFileType = sourcecode.swift; path = Color.swift; sourceTree = "<group>"; };
		C0B9DFC42843A00E00328E11 /* UIViewControllerRepresentableSample.swift */ = {isa = PBXFileReference; lastKnownFileType = sourcecode.swift; path = UIViewControllerRepresentableSample.swift; sourceTree = "<group>"; };
		C0C051292922A2C3005667A0 /* PortfolioDataView.swift */ = {isa = PBXFileReference; lastKnownFileType = sourcecode.swift; path = PortfolioDataView.swift; sourceTree = "<group>"; };
		C0C0512C2922BC34005667A0 /* BoomerangCard.swift */ = {isa = PBXFileReference; lastKnownFileType = sourcecode.swift; path = BoomerangCard.swift; sourceTree = "<group>"; };
		C0C0512E2922BCD1005667A0 /* BoomerangCardView.swift */ = {isa = PBXFileReference; lastKnownFileType = sourcecode.swift; path = BoomerangCardView.swift; sourceTree = "<group>"; };
		C0C3732E2852406300294DA9 /* LocationMapAnnotationView.swift */ = {isa = PBXFileReference; lastKnownFileType = sourcecode.swift; path = LocationMapAnnotationView.swift; sourceTree = "<group>"; };
		C0C3733028524A5400294DA9 /* LocationDetailView.swift */ = {isa = PBXFileReference; lastKnownFileType = sourcecode.swift; path = LocationDetailView.swift; sourceTree = "<group>"; };
		C0C8F9DE2843EECC0024782B /* video.mp4 */ = {isa = PBXFileReference; lastKnownFileType = file; path = video.mp4; sourceTree = "<group>"; };
		C0C8F9E52843EF250024782B /* Video.swift */ = {isa = PBXFileReference; lastKnownFileType = sourcecode.swift; path = Video.swift; sourceTree = "<group>"; };
		C0C8F9E72843F09A0024782B /* YoutubeHomeView.swift */ = {isa = PBXFileReference; lastKnownFileType = sourcecode.swift; path = YoutubeHomeView.swift; sourceTree = "<group>"; };
		C0C8F9E92843F10D0024782B /* VideoCardView.swift */ = {isa = PBXFileReference; lastKnownFileType = sourcecode.swift; path = VideoCardView.swift; sourceTree = "<group>"; };
		C0C8F9EB2843F5B30024782B /* MiniPlayerView.swift */ = {isa = PBXFileReference; lastKnownFileType = sourcecode.swift; path = MiniPlayerView.swift; sourceTree = "<group>"; };
		C0C8F9ED2843F5F70024782B /* VideoPlayerView.swift */ = {isa = PBXFileReference; lastKnownFileType = sourcecode.swift; path = VideoPlayerView.swift; sourceTree = "<group>"; };
		C0C8F9EF284406E00024782B /* VideoPlayerViewModel.swift */ = {isa = PBXFileReference; lastKnownFileType = sourcecode.swift; path = VideoPlayerViewModel.swift; sourceTree = "<group>"; };
		C0CEC5AD2838303F0028C187 /* PhotoCacheManager.swift */ = {isa = PBXFileReference; lastKnownFileType = sourcecode.swift; path = PhotoCacheManager.swift; sourceTree = "<group>"; };
		C0D669152850E28200013778 /* LocationsDataService.swift */ = {isa = PBXFileReference; fileEncoding = 4; lastKnownFileType = sourcecode.swift; path = LocationsDataService.swift; sourceTree = "<group>"; };
		C0D669182850E32A00013778 /* Location.swift */ = {isa = PBXFileReference; lastKnownFileType = sourcecode.swift; path = Location.swift; sourceTree = "<group>"; };
		C0D6691C2850E4E900013778 /* LocationsView.swift */ = {isa = PBXFileReference; lastKnownFileType = sourcecode.swift; path = LocationsView.swift; sourceTree = "<group>"; };
		C0D6691E2850E6C800013778 /* LocationsViewModel.swift */ = {isa = PBXFileReference; lastKnownFileType = sourcecode.swift; path = LocationsViewModel.swift; sourceTree = "<group>"; };
		C0D669212850F32D00013778 /* LocationsListView.swift */ = {isa = PBXFileReference; lastKnownFileType = sourcecode.swift; path = LocationsListView.swift; sourceTree = "<group>"; };
		C0D669232850FAF700013778 /* LocationPreviewView.swift */ = {isa = PBXFileReference; lastKnownFileType = sourcecode.swift; path = LocationPreviewView.swift; sourceTree = "<group>"; };
		C0EB86812822910800065991 /* PortfolioContainer.xcdatamodel */ = {isa = PBXFileReference; lastKnownFileType = wrapper.xcdatamodel; path = PortfolioContainer.xcdatamodel; sourceTree = "<group>"; };
		C0EB86832822917800065991 /* PortfolioDataService.swift */ = {isa = PBXFileReference; lastKnownFileType = sourcecode.swift; path = PortfolioDataService.swift; sourceTree = "<group>"; };
		C0ED10D52860E233007A6529 /* NotificationsListView.swift */ = {isa = PBXFileReference; lastKnownFileType = sourcecode.swift; path = NotificationsListView.swift; sourceTree = "<group>"; };
		C0ED10D72860E389007A6529 /* LocalNotificationManager.swift */ = {isa = PBXFileReference; lastKnownFileType = sourcecode.swift; path = LocalNotificationManager.swift; sourceTree = "<group>"; };
		C0ED10D92860FC5B007A6529 /* LocalNotification.swift */ = {isa = PBXFileReference; lastKnownFileType = sourcecode.swift; path = LocalNotification.swift; sourceTree = "<group>"; };
		C0FF6236285A382100CF5251 /* AsynPublisherView.swift */ = {isa = PBXFileReference; lastKnownFileType = sourcecode.swift; path = AsynPublisherView.swift; sourceTree = "<group>"; };
/* End PBXFileReference section */

/* Begin PBXFrameworksBuildPhase section */
		C0B8B2532821762C009EDED4 /* Frameworks */ = {
			isa = PBXFrameworksBuildPhase;
			buildActionMask = 2147483647;
			files = (
			);
			runOnlyForDeploymentPostprocessing = 0;
		};
/* End PBXFrameworksBuildPhase section */

/* Begin PBXGroup section */
		C00B6F8A291C2FC500A1EA50 /* walletApp */ = {
			isa = PBXGroup;
			children = (
				C00B6F8B291C310900A1EA50 /* WalletAppView.swift */,
			);
			path = walletApp;
			sourceTree = "<group>";
		};
		C012EC4F283973AB00E58F15 /* views */ = {
			isa = PBXGroup;
			children = (
				C0C0512B2922BC11005667A0 /* boomerangCardEffect */,
				C087DFB7291FFC3600C58D48 /* bookAppAnimation */,
				C0627F8C291ECC0300DDECFF /* animatedCarousel */,
				C00B6F8A291C2FC500A1EA50 /* walletApp */,
				C0658668291AEB6E00D1E57F /* coffeeApp */,
				C063730D287B546A00D03A73 /* chat */,
				C0ED10D42860E217007A6529 /* notification */,
				C026ED292853869C006C7BB3 /* SwiftConcurrency */,
				C0D669142850E26A00013778 /* MapKitSample */,
				C022DE75284A863900EB1008 /* CloudKitSample */,
				C0728330284A5F1800DC3BE5 /* AdvancedCombineView.swift */,
				C0C8F9DC2843EE4B0024782B /* YoutubeAnimation */,
				C012EC4D28395CE600E58F15 /* ViewStyles.swift */,
				C012EC50283973C900E58F15 /* AnyTransitionView.swift */,
				C03C9DEF283989660052AB30 /* MatchedGeometryEffectView.swift */,
				C0B28FF9283A233A00561BD2 /* CustomShapesView.swift */,
				C0A3857A283A947700BB9D19 /* CustomCurvesView.swift */,
				C0A3857C283AA6F800BB9D19 /* AnimatableDataView.swift */,
				C0964BAF283FF250000B754E /* ViewBuilderSample.swift */,
				C04E56DB284296C700D356F4 /* UIViewRepresentableSample.swift */,
				C0B9DFC42843A00E00328E11 /* UIViewControllerRepresentableSample.swift */,
				C0728332284A7CF500DC3BE5 /* FuturesView.swift */,
				C02744A5285F5A1B00483630 /* AnimatedSlideOutMenuView.swift */,
				C040430328676A46001F65CF /* CarouselSliderView.swift */,
				C030EE35286B864900078400 /* AccessSwiftUIValueFromUIKit.swift */,
				C01F30072870C8D900883294 /* ResponsiveView.swift */,
				C0A7C6A8287C93E2003062C6 /* DraggableBottomSheetView.swift */,
				C067E9C028803D8E005A66F0 /* AnimatedNumberText.swift */,
				C00B6F8D291C372C00A1EA50 /* RollingText.swift */,
			);
			path = views;
			sourceTree = "<group>";
		};
		C022DE75284A863900EB1008 /* CloudKitSample */ = {
			isa = PBXGroup;
			children = (
				C022DE76284A867400EB1008 /* CloudKitUserView.swift */,
				C022DE78284B4BD900EB1008 /* CloudKitCRUDView.swift */,
				C022DE7A284B678800EB1008 /* CloudKitPushNotificationView.swift */,
				C022DE7C284B72A800EB1008 /* CloudKitUtility.swift */,
			);
			path = CloudKitSample;
			sourceTree = "<group>";
		};
		C026ED292853869C006C7BB3 /* SwiftConcurrency */ = {
			isa = PBXGroup;
			children = (
				C026ED2A285386E3006C7BB3 /* DoCatchTryThrowsSample.swift */,
				C026ED2E28538D62006C7BB3 /* DownloadImageAsyncView.swift */,
				C026ED302853A3D5006C7BB3 /* AsyncAwaitView.swift */,
				C026ED322853AAA1006C7BB3 /* TaskView.swift */,
				C0B30D0B2854CF1100735443 /* AsyncLetView.swift */,
				C0B30D0D2854D49300735443 /* TaskGroupView.swift */,
				C0B30D0F2854DC2400735443 /* CheckedContinuationView.swift */,
				C084E666285501040046C2A3 /* ActorsView.swift */,
				C084E6682855041F0046C2A3 /* GlobalActorView.swift */,
				C00E20622857A882008C648E /* SendableView.swift */,
				C0FF6236285A382100CF5251 /* AsynPublisherView.swift */,
			);
			path = SwiftConcurrency;
			sourceTree = "<group>";
		};
		C05A5AEB291AD1C000D02CBC /* modifiers */ = {
			isa = PBXGroup;
			children = (
				C05A5AEC291AD1D700D02CBC /* DismissButtonModifier.swift */,
			);
			path = modifiers;
			sourceTree = "<group>";
		};
		C0627F8C291ECC0300DDECFF /* animatedCarousel */ = {
			isa = PBXGroup;
			children = (
				C0627F8D291ECC1D00DDECFF /* Card.swift */,
				C0627F8F291ECC7B00DDECFF /* AnimatedCarousel.swift */,
			);
			path = animatedCarousel;
			sourceTree = "<group>";
		};
		C063730D287B546A00D03A73 /* chat */ = {
			isa = PBXGroup;
			children = (
				C063730F287B549000D03A73 /* Message.swift */,
				C0637311287B551200D03A73 /* ChatView.swift */,
				C0637313287B570300D03A73 /* BoundsPreference.swift */,
			);
			path = chat;
			sourceTree = "<group>";
		};
		C0658668291AEB6E00D1E57F /* coffeeApp */ = {
			isa = PBXGroup;
			children = (
				C0658669291AEB8F00D1E57F /* Coffee.swift */,
				C065866B291AED1E00D1E57F /* CoffeeApp.swift */,
			);
			path = coffeeApp;
			sourceTree = "<group>";
		};
		C087DFB7291FFC3600C58D48 /* bookAppAnimation */ = {
			isa = PBXGroup;
			children = (
				C087DFB8291FFC5B00C58D48 /* BookAppView.swift */,
				C087DFBA291FFF3600C58D48 /* Book.swift */,
				C087DFBC292009F300C58D48 /* IsometricView.swift */,
			);
			path = bookAppAnimation;
			sourceTree = "<group>";
		};
		C087DFBE292112C800C58D48 /* services */ = {
			isa = PBXGroup;
			children = (
				C087DFBF292112D600C58D48 /* APIService.swift */,
			);
			path = services;
			sourceTree = "<group>";
		};
		C0B8B24D2821762C009EDED4 = {
			isa = PBXGroup;
			children = (
				C0B8B2582821762C009EDED4 /* IOS playground */,
				C0B8B2572821762C009EDED4 /* Products */,
			);
			sourceTree = "<group>";
		};
		C0B8B2572821762C009EDED4 /* Products */ = {
			isa = PBXGroup;
			children = (
				C0B8B2562821762C009EDED4 /* IOS playground.app */,
			);
			name = Products;
			sourceTree = "<group>";
		};
		C0B8B2582821762C009EDED4 /* IOS playground */ = {
			isa = PBXGroup;
			children = (
				C087DFBE292112C800C58D48 /* services */,
				C05A5AEB291AD1C000D02CBC /* modifiers */,
				C012EC4F283973AB00E58F15 /* views */,
				C0EB867F282290F000065991 /* model */,
				C0B8B26A28217FA6009EDED4 /* Extensions */,
				C0B8B2672821768A009EDED4 /* Utilities */,
				C0B8B2592821762C009EDED4 /* IOS_playgroundApp.swift */,
				C0B8B25B2821762C009EDED4 /* ContentView.swift */,
				C0B8B25D2821762D009EDED4 /* Assets.xcassets */,
				C0B8B25F2821762D009EDED4 /* Preview Content */,
			);
			path = "IOS playground";
			sourceTree = "<group>";
		};
		C0B8B25F2821762D009EDED4 /* Preview Content */ = {
			isa = PBXGroup;
			children = (
				C0B8B2602821762D009EDED4 /* Preview Assets.xcassets */,
			);
			path = "Preview Content";
			sourceTree = "<group>";
		};
		C0B8B2672821768A009EDED4 /* Utilities */ = {
			isa = PBXGroup;
			children = (
				C0B8B268282176B1009EDED4 /* LocalFileManager.swift */,
				C096F99C2821B69100501B09 /* JsonToStructFromBundle.swift */,
				C0CEC5AD2838303F0028C187 /* PhotoCacheManager.swift */,
				C05A5AEE291ADF4B00D02CBC /* ImagePicker.swift */,
				C0627F8A291EAFCF00DDECFF /* AppStorageCodable.swift */,
			);
			path = Utilities;
			sourceTree = "<group>";
		};
		C0B8B26A28217FA6009EDED4 /* Extensions */ = {
			isa = PBXGroup;
			children = (
				C0B8B26B28217FA6009EDED4 /* Date.swift */,
				C0B8B26C28217FA6009EDED4 /* PreviewProvider.swift */,
				C0B8B26D28217FA6009EDED4 /* String.swift */,
				C0B8B26E28217FA6009EDED4 /* Double.swift */,
				C0B8B26F28217FA6009EDED4 /* UIApplication.swift */,
				C0B8B27028217FA6009EDED4 /* Color.swift */,
				C09D4A24284CD6F900F3D7AC /* UserDefaults+Extensions.swift */,
				C02744A7285F65B900483630 /* ExtensionsView.swift */,
			);
			path = Extensions;
			sourceTree = "<group>";
		};
		C0C0512B2922BC11005667A0 /* boomerangCardEffect */ = {
			isa = PBXGroup;
			children = (
				C0C0512C2922BC34005667A0 /* BoomerangCard.swift */,
				C0C0512E2922BCD1005667A0 /* BoomerangCardView.swift */,
			);
			path = boomerangCardEffect;
			sourceTree = "<group>";
		};
		C0C8F9DC2843EE4B0024782B /* YoutubeAnimation */ = {
			isa = PBXGroup;
			children = (
				C0C8F9E42843EEF80024782B /* ViewModel */,
				C0C8F9E32843EEF30024782B /* View */,
				C0C8F9E22843EEEA0024782B /* Model */,
				C0C8F9DD2843EEAC0024782B /* files */,
			);
			path = YoutubeAnimation;
			sourceTree = "<group>";
		};
		C0C8F9DD2843EEAC0024782B /* files */ = {
			isa = PBXGroup;
			children = (
				C0C8F9DE2843EECC0024782B /* video.mp4 */,
			);
			path = files;
			sourceTree = "<group>";
		};
		C0C8F9E22843EEEA0024782B /* Model */ = {
			isa = PBXGroup;
			children = (
				C0C8F9E52843EF250024782B /* Video.swift */,
			);
			path = Model;
			sourceTree = "<group>";
		};
		C0C8F9E32843EEF30024782B /* View */ = {
			isa = PBXGroup;
			children = (
				C0C8F9E72843F09A0024782B /* YoutubeHomeView.swift */,
				C0C8F9E92843F10D0024782B /* VideoCardView.swift */,
				C0C8F9EB2843F5B30024782B /* MiniPlayerView.swift */,
				C0C8F9ED2843F5F70024782B /* VideoPlayerView.swift */,
			);
			path = View;
			sourceTree = "<group>";
		};
		C0C8F9E42843EEF80024782B /* ViewModel */ = {
			isa = PBXGroup;
			children = (
				C0C8F9EF284406E00024782B /* VideoPlayerViewModel.swift */,
			);
			path = ViewModel;
			sourceTree = "<group>";
		};
		C0D669142850E26A00013778 /* MapKitSample */ = {
			isa = PBXGroup;
			children = (
				C0D669202850E6E100013778 /* ViewModels */,
				C0D6691B2850E4D000013778 /* Views */,
				C0D6691A2850E3C500013778 /* DataServices */,
				C0D669172850E2DE00013778 /* Models */,
			);
			path = MapKitSample;
			sourceTree = "<group>";
		};
		C0D669172850E2DE00013778 /* Models */ = {
			isa = PBXGroup;
			children = (
				C0D669182850E32A00013778 /* Location.swift */,
			);
			path = Models;
			sourceTree = "<group>";
		};
		C0D6691A2850E3C500013778 /* DataServices */ = {
			isa = PBXGroup;
			children = (
				C0D669152850E28200013778 /* LocationsDataService.swift */,
			);
			path = DataServices;
			sourceTree = "<group>";
		};
		C0D6691B2850E4D000013778 /* Views */ = {
			isa = PBXGroup;
			children = (
				C0D6691C2850E4E900013778 /* LocationsView.swift */,
				C0D669212850F32D00013778 /* LocationsListView.swift */,
				C0D669232850FAF700013778 /* LocationPreviewView.swift */,
				C0C3732E2852406300294DA9 /* LocationMapAnnotationView.swift */,
				C0C3733028524A5400294DA9 /* LocationDetailView.swift */,
			);
			path = Views;
			sourceTree = "<group>";
		};
		C0D669202850E6E100013778 /* ViewModels */ = {
			isa = PBXGroup;
			children = (
				C0D6691E2850E6C800013778 /* LocationsViewModel.swift */,
			);
			path = ViewModels;
			sourceTree = "<group>";
		};
		C0EB867F282290F000065991 /* model */ = {
			isa = PBXGroup;
			children = (
				C0EB86802822910800065991 /* PortfolioContainer.xcdatamodeld */,
				C0EB86832822917800065991 /* PortfolioDataService.swift */,
				C0C051292922A2C3005667A0 /* PortfolioDataView.swift */,
			);
			path = model;
			sourceTree = "<group>";
		};
		C0ED10D42860E217007A6529 /* notification */ = {
			isa = PBXGroup;
			children = (
				C06BB03E287A02B8008F8880 /* NextView.swift */,
				C0ED10D52860E233007A6529 /* NotificationsListView.swift */,
				C0ED10D72860E389007A6529 /* LocalNotificationManager.swift */,
				C0ED10D92860FC5B007A6529 /* LocalNotification.swift */,
			);
			path = notification;
			sourceTree = "<group>";
		};
/* End PBXGroup section */

/* Begin PBXNativeTarget section */
		C0B8B2552821762C009EDED4 /* IOS playground */ = {
			isa = PBXNativeTarget;
			buildConfigurationList = C0B8B2642821762D009EDED4 /* Build configuration list for PBXNativeTarget "IOS playground" */;
			buildPhases = (
				C0B8B2522821762C009EDED4 /* Sources */,
				C0B8B2532821762C009EDED4 /* Frameworks */,
				C0B8B2542821762C009EDED4 /* Resources */,
			);
			buildRules = (
			);
			dependencies = (
			);
			name = "IOS playground";
			productName = "IOS playground";
			productReference = C0B8B2562821762C009EDED4 /* IOS playground.app */;
			productType = "com.apple.product-type.application";
		};
/* End PBXNativeTarget section */

/* Begin PBXProject section */
		C0B8B24E2821762C009EDED4 /* Project object */ = {
			isa = PBXProject;
			attributes = {
				BuildIndependentTargetsInParallel = 1;
				LastSwiftUpdateCheck = 1320;
				LastUpgradeCheck = 1320;
				TargetAttributes = {
					C0B8B2552821762C009EDED4 = {
						CreatedOnToolsVersion = 13.2.1;
					};
				};
			};
			buildConfigurationList = C0B8B2512821762C009EDED4 /* Build configuration list for PBXProject "IOS playground" */;
			compatibilityVersion = "Xcode 13.0";
			developmentRegion = en;
			hasScannedForEncodings = 0;
			knownRegions = (
				en,
				Base,
			);
			mainGroup = C0B8B24D2821762C009EDED4;
			productRefGroup = C0B8B2572821762C009EDED4 /* Products */;
			projectDirPath = "";
			projectRoot = "";
			targets = (
				C0B8B2552821762C009EDED4 /* IOS playground */,
			);
		};
/* End PBXProject section */

/* Begin PBXResourcesBuildPhase section */
		C0B8B2542821762C009EDED4 /* Resources */ = {
			isa = PBXResourcesBuildPhase;
			buildActionMask = 2147483647;
			files = (
				C0B8B2612821762D009EDED4 /* Preview Assets.xcassets in Resources */,
				C0C8F9DF2843EECC0024782B /* video.mp4 in Resources */,
				C0B8B25E2821762D009EDED4 /* Assets.xcassets in Resources */,
			);
			runOnlyForDeploymentPostprocessing = 0;
		};
/* End PBXResourcesBuildPhase section */

/* Begin PBXSourcesBuildPhase section */
		C0B8B2522821762C009EDED4 /* Sources */ = {
			isa = PBXSourcesBuildPhase;
			buildActionMask = 2147483647;
			files = (
				C067E9C128803D8E005A66F0 /* AnimatedNumberText.swift in Sources */,
				C0B8B27528217FA6009EDED4 /* UIApplication.swift in Sources */,
				C0C3732F2852406300294DA9 /* LocationMapAnnotationView.swift in Sources */,
				C065866C291AED1E00D1E57F /* CoffeeApp.swift in Sources */,
				C01F30082870C8D900883294 /* ResponsiveView.swift in Sources */,
				C0A3857D283AA6F800BB9D19 /* AnimatableDataView.swift in Sources */,
				C0D669242850FAF700013778 /* LocationPreviewView.swift in Sources */,
				C087DFC0292112D600C58D48 /* APIService.swift in Sources */,
				C0B8B27328217FA6009EDED4 /* String.swift in Sources */,
				C026ED2B285386E3006C7BB3 /* DoCatchTryThrowsSample.swift in Sources */,
				C0B8B25C2821762C009EDED4 /* ContentView.swift in Sources */,
				C0C8F9EC2843F5B30024782B /* MiniPlayerView.swift in Sources */,
				C0C0512D2922BC34005667A0 /* BoomerangCard.swift in Sources */,
				C0D669222850F32D00013778 /* LocationsListView.swift in Sources */,
				C012EC4E28395CE600E58F15 /* ViewStyles.swift in Sources */,
				C04E56DC284296C700D356F4 /* UIViewRepresentableSample.swift in Sources */,
				C0D6691F2850E6C800013778 /* LocationsViewModel.swift in Sources */,
				C0ED10DA2860FC5B007A6529 /* LocalNotification.swift in Sources */,
				C03C9DF0283989660052AB30 /* MatchedGeometryEffectView.swift in Sources */,
				C0D669162850E28200013778 /* LocationsDataService.swift in Sources */,
				C05A5AEF291ADF4B00D02CBC /* ImagePicker.swift in Sources */,
				C0B8B25A2821762C009EDED4 /* IOS_playgroundApp.swift in Sources */,
				C0B8B269282176B1009EDED4 /* LocalFileManager.swift in Sources */,
				C084E667285501040046C2A3 /* ActorsView.swift in Sources */,
				C065866A291AEB8F00D1E57F /* Coffee.swift in Sources */,
				C0ED10D62860E233007A6529 /* NotificationsListView.swift in Sources */,
				C087DFBD292009F300C58D48 /* IsometricView.swift in Sources */,
				C087DFBB291FFF3600C58D48 /* Book.swift in Sources */,
				C0D6691D2850E4E900013778 /* LocationsView.swift in Sources */,
				C0B9DFC52843A00E00328E11 /* UIViewControllerRepresentableSample.swift in Sources */,
				C096F99D2821B69100501B09 /* JsonToStructFromBundle.swift in Sources */,
				C026ED2F28538D62006C7BB3 /* DownloadImageAsyncView.swift in Sources */,
				C0B28FFA283A233A00561BD2 /* CustomShapesView.swift in Sources */,
				C0A7C6A9287C93E2003062C6 /* DraggableBottomSheetView.swift in Sources */,
				C0C8F9E62843EF250024782B /* Video.swift in Sources */,
				C0D669192850E32A00013778 /* Location.swift in Sources */,
				C0637314287B570300D03A73 /* BoundsPreference.swift in Sources */,
				C0B8B27128217FA6009EDED4 /* Date.swift in Sources */,
				C0728333284A7CF500DC3BE5 /* FuturesView.swift in Sources */,
				C0FF6237285A382100CF5251 /* AsynPublisherView.swift in Sources */,
				C022DE77284A867400EB1008 /* CloudKitUserView.swift in Sources */,
				C0C3733128524A5400294DA9 /* LocationDetailView.swift in Sources */,
				C0637312287B551200D03A73 /* ChatView.swift in Sources */,
				C040430428676A46001F65CF /* CarouselSliderView.swift in Sources */,
				C026ED332853AAA1006C7BB3 /* TaskView.swift in Sources */,
				C0C8F9EA2843F10D0024782B /* VideoCardView.swift in Sources */,
				C09D4A25284CD6F900F3D7AC /* UserDefaults+Extensions.swift in Sources */,
				C0CEC5AE2838303F0028C187 /* PhotoCacheManager.swift in Sources */,
				C0C0512A2922A2C3005667A0 /* PortfolioDataView.swift in Sources */,
				C05A5AED291AD1D700D02CBC /* DismissButtonModifier.swift in Sources */,
				C026ED312853A3D5006C7BB3 /* AsyncAwaitView.swift in Sources */,
				C0627F8B291EAFCF00DDECFF /* AppStorageCodable.swift in Sources */,
				C02744A8285F65B900483630 /* ExtensionsView.swift in Sources */,
				C0627F90291ECC7B00DDECFF /* AnimatedCarousel.swift in Sources */,
				C0B8B27228217FA6009EDED4 /* PreviewProvider.swift in Sources */,
				C012EC51283973C900E58F15 /* AnyTransitionView.swift in Sources */,
				C0ED10D82860E389007A6529 /* LocalNotificationManager.swift in Sources */,
				C0C0512F2922BCD1005667A0 /* BoomerangCardView.swift in Sources */,
				C0C8F9E82843F09A0024782B /* YoutubeHomeView.swift in Sources */,
				C0B30D102854DC2400735443 /* CheckedContinuationView.swift in Sources */,
				C0964BB0283FF250000B754E /* ViewBuilderSample.swift in Sources */,
				C0637310287B549000D03A73 /* Message.swift in Sources */,
				C02744A6285F5A1B00483630 /* AnimatedSlideOutMenuView.swift in Sources */,
				C0C8F9F0284406E00024782B /* VideoPlayerViewModel.swift in Sources */,
				C0B8B27428217FA6009EDED4 /* Double.swift in Sources */,
				C022DE79284B4BD900EB1008 /* CloudKitCRUDView.swift in Sources */,
				C0627F8E291ECC1D00DDECFF /* Card.swift in Sources */,
				C087DFB9291FFC5B00C58D48 /* BookAppView.swift in Sources */,
				C0B8B27628217FA6009EDED4 /* Color.swift in Sources */,
				C0B30D0E2854D49300735443 /* TaskGroupView.swift in Sources */,
				C022DE7D284B72A800EB1008 /* CloudKitUtility.swift in Sources */,
				C0C8F9EE2843F5F70024782B /* VideoPlayerView.swift in Sources */,
				C00B6F8E291C372C00A1EA50 /* RollingText.swift in Sources */,
				C084E6692855041F0046C2A3 /* GlobalActorView.swift in Sources */,
				C0A3857B283A947700BB9D19 /* CustomCurvesView.swift in Sources */,
				C0B30D0C2854CF1100735443 /* AsyncLetView.swift in Sources */,
				C06BB03F287A02B9008F8880 /* NextView.swift in Sources */,
				C022DE7B284B678800EB1008 /* CloudKitPushNotificationView.swift in Sources */,
				C030EE36286B864900078400 /* AccessSwiftUIValueFromUIKit.swift in Sources */,
				C00B6F8C291C310900A1EA50 /* WalletAppView.swift in Sources */,
				C0EB86842822917800065991 /* PortfolioDataService.swift in Sources */,
				C0728331284A5F1800DC3BE5 /* AdvancedCombineView.swift in Sources */,
				C00E20632857A882008C648E /* SendableView.swift in Sources */,
				C0EB86822822910800065991 /* PortfolioContainer.xcdatamodeld in Sources */,
			);
			runOnlyForDeploymentPostprocessing = 0;
		};
/* End PBXSourcesBuildPhase section */

/* Begin XCBuildConfiguration section */
		C0B8B2622821762D009EDED4 /* Debug */ = {
			isa = XCBuildConfiguration;
			buildSettings = {
				ALWAYS_SEARCH_USER_PATHS = NO;
				CLANG_ANALYZER_NONNULL = YES;
				CLANG_ANALYZER_NUMBER_OBJECT_CONVERSION = YES_AGGRESSIVE;
				CLANG_CXX_LANGUAGE_STANDARD = "gnu++17";
				CLANG_CXX_LIBRARY = "libc++";
				CLANG_ENABLE_MODULES = YES;
				CLANG_ENABLE_OBJC_ARC = YES;
				CLANG_ENABLE_OBJC_WEAK = YES;
				CLANG_WARN_BLOCK_CAPTURE_AUTORELEASING = YES;
				CLANG_WARN_BOOL_CONVERSION = YES;
				CLANG_WARN_COMMA = YES;
				CLANG_WARN_CONSTANT_CONVERSION = YES;
				CLANG_WARN_DEPRECATED_OBJC_IMPLEMENTATIONS = YES;
				CLANG_WARN_DIRECT_OBJC_ISA_USAGE = YES_ERROR;
				CLANG_WARN_DOCUMENTATION_COMMENTS = YES;
				CLANG_WARN_EMPTY_BODY = YES;
				CLANG_WARN_ENUM_CONVERSION = YES;
				CLANG_WARN_INFINITE_RECURSION = YES;
				CLANG_WARN_INT_CONVERSION = YES;
				CLANG_WARN_NON_LITERAL_NULL_CONVERSION = YES;
				CLANG_WARN_OBJC_IMPLICIT_RETAIN_SELF = YES;
				CLANG_WARN_OBJC_LITERAL_CONVERSION = YES;
				CLANG_WARN_OBJC_ROOT_CLASS = YES_ERROR;
				CLANG_WARN_QUOTED_INCLUDE_IN_FRAMEWORK_HEADER = YES;
				CLANG_WARN_RANGE_LOOP_ANALYSIS = YES;
				CLANG_WARN_STRICT_PROTOTYPES = YES;
				CLANG_WARN_SUSPICIOUS_MOVE = YES;
				CLANG_WARN_UNGUARDED_AVAILABILITY = YES_AGGRESSIVE;
				CLANG_WARN_UNREACHABLE_CODE = YES;
				CLANG_WARN__DUPLICATE_METHOD_MATCH = YES;
				COPY_PHASE_STRIP = NO;
				DEBUG_INFORMATION_FORMAT = dwarf;
				ENABLE_STRICT_OBJC_MSGSEND = YES;
				ENABLE_TESTABILITY = YES;
				GCC_C_LANGUAGE_STANDARD = gnu11;
				GCC_DYNAMIC_NO_PIC = NO;
				GCC_NO_COMMON_BLOCKS = YES;
				GCC_OPTIMIZATION_LEVEL = 0;
				GCC_PREPROCESSOR_DEFINITIONS = (
					"DEBUG=1",
					"$(inherited)",
				);
				GCC_WARN_64_TO_32_BIT_CONVERSION = YES;
				GCC_WARN_ABOUT_RETURN_TYPE = YES_ERROR;
				GCC_WARN_UNDECLARED_SELECTOR = YES;
				GCC_WARN_UNINITIALIZED_AUTOS = YES_AGGRESSIVE;
				GCC_WARN_UNUSED_FUNCTION = YES;
				GCC_WARN_UNUSED_VARIABLE = YES;
				IPHONEOS_DEPLOYMENT_TARGET = 16.0;
				MTL_ENABLE_DEBUG_INFO = INCLUDE_SOURCE;
				MTL_FAST_MATH = YES;
				ONLY_ACTIVE_ARCH = YES;
				SDKROOT = iphoneos;
				SWIFT_ACTIVE_COMPILATION_CONDITIONS = DEBUG;
				SWIFT_OPTIMIZATION_LEVEL = "-Onone";
			};
			name = Debug;
		};
		C0B8B2632821762D009EDED4 /* Release */ = {
			isa = XCBuildConfiguration;
			buildSettings = {
				ALWAYS_SEARCH_USER_PATHS = NO;
				CLANG_ANALYZER_NONNULL = YES;
				CLANG_ANALYZER_NUMBER_OBJECT_CONVERSION = YES_AGGRESSIVE;
				CLANG_CXX_LANGUAGE_STANDARD = "gnu++17";
				CLANG_CXX_LIBRARY = "libc++";
				CLANG_ENABLE_MODULES = YES;
				CLANG_ENABLE_OBJC_ARC = YES;
				CLANG_ENABLE_OBJC_WEAK = YES;
				CLANG_WARN_BLOCK_CAPTURE_AUTORELEASING = YES;
				CLANG_WARN_BOOL_CONVERSION = YES;
				CLANG_WARN_COMMA = YES;
				CLANG_WARN_CONSTANT_CONVERSION = YES;
				CLANG_WARN_DEPRECATED_OBJC_IMPLEMENTATIONS = YES;
				CLANG_WARN_DIRECT_OBJC_ISA_USAGE = YES_ERROR;
				CLANG_WARN_DOCUMENTATION_COMMENTS = YES;
				CLANG_WARN_EMPTY_BODY = YES;
				CLANG_WARN_ENUM_CONVERSION = YES;
				CLANG_WARN_INFINITE_RECURSION = YES;
				CLANG_WARN_INT_CONVERSION = YES;
				CLANG_WARN_NON_LITERAL_NULL_CONVERSION = YES;
				CLANG_WARN_OBJC_IMPLICIT_RETAIN_SELF = YES;
				CLANG_WARN_OBJC_LITERAL_CONVERSION = YES;
				CLANG_WARN_OBJC_ROOT_CLASS = YES_ERROR;
				CLANG_WARN_QUOTED_INCLUDE_IN_FRAMEWORK_HEADER = YES;
				CLANG_WARN_RANGE_LOOP_ANALYSIS = YES;
				CLANG_WARN_STRICT_PROTOTYPES = YES;
				CLANG_WARN_SUSPICIOUS_MOVE = YES;
				CLANG_WARN_UNGUARDED_AVAILABILITY = YES_AGGRESSIVE;
				CLANG_WARN_UNREACHABLE_CODE = YES;
				CLANG_WARN__DUPLICATE_METHOD_MATCH = YES;
				COPY_PHASE_STRIP = NO;
				DEBUG_INFORMATION_FORMAT = "dwarf-with-dsym";
				ENABLE_NS_ASSERTIONS = NO;
				ENABLE_STRICT_OBJC_MSGSEND = YES;
				GCC_C_LANGUAGE_STANDARD = gnu11;
				GCC_NO_COMMON_BLOCKS = YES;
				GCC_WARN_64_TO_32_BIT_CONVERSION = YES;
				GCC_WARN_ABOUT_RETURN_TYPE = YES_ERROR;
				GCC_WARN_UNDECLARED_SELECTOR = YES;
				GCC_WARN_UNINITIALIZED_AUTOS = YES_AGGRESSIVE;
				GCC_WARN_UNUSED_FUNCTION = YES;
				GCC_WARN_UNUSED_VARIABLE = YES;
				IPHONEOS_DEPLOYMENT_TARGET = 16.0;
				MTL_ENABLE_DEBUG_INFO = NO;
				MTL_FAST_MATH = YES;
				SDKROOT = iphoneos;
				SWIFT_COMPILATION_MODE = wholemodule;
				SWIFT_OPTIMIZATION_LEVEL = "-O";
				VALIDATE_PRODUCT = YES;
			};
			name = Release;
		};
		C0B8B2652821762D009EDED4 /* Debug */ = {
			isa = XCBuildConfiguration;
			buildSettings = {
				ASSETCATALOG_COMPILER_APPICON_NAME = AppIcon;
				ASSETCATALOG_COMPILER_GLOBAL_ACCENT_COLOR_NAME = AccentColor;
				CODE_SIGN_STYLE = Automatic;
				CURRENT_PROJECT_VERSION = 1;
				DEVELOPMENT_ASSET_PATHS = "\"IOS playground/Preview Content\"";
				ENABLE_PREVIEWS = YES;
				GENERATE_INFOPLIST_FILE = YES;
				INFOPLIST_FILE = "IOS-playground-Info.plist";
				INFOPLIST_KEY_UIApplicationSceneManifest_Generation = YES;
				INFOPLIST_KEY_UIApplicationSupportsIndirectInputEvents = YES;
				INFOPLIST_KEY_UISupportedInterfaceOrientations = UIInterfaceOrientationPortrait;
				INFOPLIST_KEY_UISupportedInterfaceOrientations_iPad = "UIInterfaceOrientationPortrait UIInterfaceOrientationPortraitUpsideDown UIInterfaceOrientationLandscapeLeft UIInterfaceOrientationLandscapeRight";
				INFOPLIST_KEY_UISupportedInterfaceOrientations_iPhone = UIInterfaceOrientationPortrait;
				LD_RUNPATH_SEARCH_PATHS = (
					"$(inherited)",
					"@executable_path/Frameworks",
				);
				MARKETING_VERSION = 1.0;
				PRODUCT_BUNDLE_IDENTIFIER = "dev.bytecode.IOS-playground";
				PRODUCT_NAME = "$(TARGET_NAME)";
				SWIFT_EMIT_LOC_STRINGS = YES;
				SWIFT_VERSION = 5.0;
				TARGETED_DEVICE_FAMILY = "1,2";
			};
			name = Debug;
		};
		C0B8B2662821762D009EDED4 /* Release */ = {
			isa = XCBuildConfiguration;
			buildSettings = {
				ASSETCATALOG_COMPILER_APPICON_NAME = AppIcon;
				ASSETCATALOG_COMPILER_GLOBAL_ACCENT_COLOR_NAME = AccentColor;
				CODE_SIGN_STYLE = Automatic;
				CURRENT_PROJECT_VERSION = 1;
				DEVELOPMENT_ASSET_PATHS = "\"IOS playground/Preview Content\"";
				ENABLE_PREVIEWS = YES;
				GENERATE_INFOPLIST_FILE = YES;
				INFOPLIST_FILE = "IOS-playground-Info.plist";
				INFOPLIST_KEY_UIApplicationSceneManifest_Generation = YES;
				INFOPLIST_KEY_UIApplicationSupportsIndirectInputEvents = YES;
				INFOPLIST_KEY_UISupportedInterfaceOrientations = UIInterfaceOrientationPortrait;
				INFOPLIST_KEY_UISupportedInterfaceOrientations_iPad = "UIInterfaceOrientationPortrait UIInterfaceOrientationPortraitUpsideDown UIInterfaceOrientationLandscapeLeft UIInterfaceOrientationLandscapeRight";
				INFOPLIST_KEY_UISupportedInterfaceOrientations_iPhone = UIInterfaceOrientationPortrait;
				LD_RUNPATH_SEARCH_PATHS = (
					"$(inherited)",
					"@executable_path/Frameworks",
				);
				MARKETING_VERSION = 1.0;
				PRODUCT_BUNDLE_IDENTIFIER = "dev.bytecode.IOS-playground";
				PRODUCT_NAME = "$(TARGET_NAME)";
				SWIFT_EMIT_LOC_STRINGS = YES;
				SWIFT_VERSION = 5.0;
				TARGETED_DEVICE_FAMILY = "1,2";
			};
			name = Release;
		};
/* End XCBuildConfiguration section */

/* Begin XCConfigurationList section */
		C0B8B2512821762C009EDED4 /* Build configuration list for PBXProject "IOS playground" */ = {
			isa = XCConfigurationList;
			buildConfigurations = (
				C0B8B2622821762D009EDED4 /* Debug */,
				C0B8B2632821762D009EDED4 /* Release */,
			);
			defaultConfigurationIsVisible = 0;
			defaultConfigurationName = Release;
		};
		C0B8B2642821762D009EDED4 /* Build configuration list for PBXNativeTarget "IOS playground" */ = {
			isa = XCConfigurationList;
			buildConfigurations = (
				C0B8B2652821762D009EDED4 /* Debug */,
				C0B8B2662821762D009EDED4 /* Release */,
			);
			defaultConfigurationIsVisible = 0;
			defaultConfigurationName = Release;
		};
/* End XCConfigurationList section */

/* Begin XCVersionGroup section */
		C0EB86802822910800065991 /* PortfolioContainer.xcdatamodeld */ = {
			isa = XCVersionGroup;
			children = (
				C0EB86812822910800065991 /* PortfolioContainer.xcdatamodel */,
			);
			currentVersion = C0EB86812822910800065991 /* PortfolioContainer.xcdatamodel */;
			path = PortfolioContainer.xcdatamodeld;
			sourceTree = "<group>";
			versionGroupType = wrapper.xcdatamodel;
		};
/* End XCVersionGroup section */
	};
	rootObject = C0B8B24E2821762C009EDED4 /* Project object */;
}
